// !$*UTF8*$!
{
	archiveVersion = 1;
	classes = {
	};
	objectVersion = 56;
	objects = {

/* Begin PBXBuildFile section */
		262AED232BD8E7E000B50BE5 /* ThinkApp.swift in Sources */ = {isa = PBXBuildFile; fileRef = 262AED222BD8E7E000B50BE5 /* ThinkApp.swift */; };
		262AED252BD8E7E000B50BE5 /* ContentView.swift in Sources */ = {isa = PBXBuildFile; fileRef = 262AED242BD8E7E000B50BE5 /* ContentView.swift */; };
		262AED272BD8E7E400B50BE5 /* Assets.xcassets in Resources */ = {isa = PBXBuildFile; fileRef = 262AED262BD8E7E400B50BE5 /* Assets.xcassets */; };
		262AED2B2BD8E7E500B50BE5 /* Preview Assets.xcassets in Resources */ = {isa = PBXBuildFile; fileRef = 262AED2A2BD8E7E500B50BE5 /* Preview Assets.xcassets */; };
		262AED352BD8E84A00B50BE5 /* ProjectModel.swift in Sources */ = {isa = PBXBuildFile; fileRef = 262AED342BD8E84A00B50BE5 /* ProjectModel.swift */; };
		262AED372BD8E88100B50BE5 /* TaskModel.swift in Sources */ = {isa = PBXBuildFile; fileRef = 262AED362BD8E88100B50BE5 /* TaskModel.swift */; };
		262AED3A2BD8E90600B50BE5 /* HomeView.swift in Sources */ = {isa = PBXBuildFile; fileRef = 262AED392BD8E90600B50BE5 /* HomeView.swift */; };
		262AED3C2BD8EA2700B50BE5 /* ProjectView.swift in Sources */ = {isa = PBXBuildFile; fileRef = 262AED3B2BD8EA2700B50BE5 /* ProjectView.swift */; };
		262AED3E2BD8EBDE00B50BE5 /* EditProjectView.swift in Sources */ = {isa = PBXBuildFile; fileRef = 262AED3D2BD8EBDE00B50BE5 /* EditProjectView.swift */; };
		262AED442BD90B2600B50BE5 /* EmptyListView.swift in Sources */ = {isa = PBXBuildFile; fileRef = 262AED432BD90B2600B50BE5 /* EmptyListView.swift */; };
		262AED462BD9874D00B50BE5 /* TeamsView.swift in Sources */ = {isa = PBXBuildFile; fileRef = 262AED452BD9874D00B50BE5 /* TeamsView.swift */; };
		262AED482BD9876600B50BE5 /* EmptyTeamsView.swift in Sources */ = {isa = PBXBuildFile; fileRef = 262AED472BD9876600B50BE5 /* EmptyTeamsView.swift */; };
		262AED4A2BD9887500B50BE5 /* SettingsView.swift in Sources */ = {isa = PBXBuildFile; fileRef = 262AED492BD9887500B50BE5 /* SettingsView.swift */; };
		262AED4D2BD98D1C00B50BE5 /* Toggle.swift in Sources */ = {isa = PBXBuildFile; fileRef = 262AED4C2BD98D1C00B50BE5 /* Toggle.swift */; };
		262AED4F2BD98D3900B50BE5 /* Haptic.swift in Sources */ = {isa = PBXBuildFile; fileRef = 262AED4E2BD98D3900B50BE5 /* Haptic.swift */; };
		262AED512BDA76EE00B50BE5 /* DeveloperModel.swift in Sources */ = {isa = PBXBuildFile; fileRef = 262AED502BDA76EE00B50BE5 /* DeveloperModel.swift */; };
		262AED532BDA795900B50BE5 /* EditDevView.swift in Sources */ = {isa = PBXBuildFile; fileRef = 262AED522BDA795900B50BE5 /* EditDevView.swift */; };
/* End PBXBuildFile section */

/* Begin PBXFileReference section */
		262AED1F2BD8E7E000B50BE5 /* Think.app */ = {isa = PBXFileReference; explicitFileType = wrapper.application; includeInIndex = 0; path = Think.app; sourceTree = BUILT_PRODUCTS_DIR; };
		262AED222BD8E7E000B50BE5 /* ThinkApp.swift */ = {isa = PBXFileReference; lastKnownFileType = sourcecode.swift; path = ThinkApp.swift; sourceTree = "<group>"; };
		262AED242BD8E7E000B50BE5 /* ContentView.swift */ = {isa = PBXFileReference; lastKnownFileType = sourcecode.swift; path = ContentView.swift; sourceTree = "<group>"; };
		262AED262BD8E7E400B50BE5 /* Assets.xcassets */ = {isa = PBXFileReference; lastKnownFileType = folder.assetcatalog; path = Assets.xcassets; sourceTree = "<group>"; };
		262AED282BD8E7E400B50BE5 /* Think.entitlements */ = {isa = PBXFileReference; lastKnownFileType = text.plist.entitlements; path = Think.entitlements; sourceTree = "<group>"; };
		262AED2A2BD8E7E500B50BE5 /* Preview Assets.xcassets */ = {isa = PBXFileReference; lastKnownFileType = folder.assetcatalog; path = "Preview Assets.xcassets"; sourceTree = "<group>"; };
		262AED342BD8E84A00B50BE5 /* ProjectModel.swift */ = {isa = PBXFileReference; lastKnownFileType = sourcecode.swift; path = ProjectModel.swift; sourceTree = "<group>"; };
		262AED362BD8E88100B50BE5 /* TaskModel.swift */ = {isa = PBXFileReference; lastKnownFileType = sourcecode.swift; path = TaskModel.swift; sourceTree = "<group>"; };
		262AED392BD8E90600B50BE5 /* HomeView.swift */ = {isa = PBXFileReference; lastKnownFileType = sourcecode.swift; path = HomeView.swift; sourceTree = "<group>"; };
		262AED3B2BD8EA2700B50BE5 /* ProjectView.swift */ = {isa = PBXFileReference; lastKnownFileType = sourcecode.swift; path = ProjectView.swift; sourceTree = "<group>"; };
		262AED3D2BD8EBDE00B50BE5 /* EditProjectView.swift */ = {isa = PBXFileReference; lastKnownFileType = sourcecode.swift; path = EditProjectView.swift; sourceTree = "<group>"; };
		262AED432BD90B2600B50BE5 /* EmptyListView.swift */ = {isa = PBXFileReference; lastKnownFileType = sourcecode.swift; path = EmptyListView.swift; sourceTree = "<group>"; };
		262AED452BD9874D00B50BE5 /* TeamsView.swift */ = {isa = PBXFileReference; lastKnownFileType = sourcecode.swift; path = TeamsView.swift; sourceTree = "<group>"; };
		262AED472BD9876600B50BE5 /* EmptyTeamsView.swift */ = {isa = PBXFileReference; lastKnownFileType = sourcecode.swift; path = EmptyTeamsView.swift; sourceTree = "<group>"; };
		262AED492BD9887500B50BE5 /* SettingsView.swift */ = {isa = PBXFileReference; lastKnownFileType = sourcecode.swift; path = SettingsView.swift; sourceTree = "<group>"; };
		262AED4C2BD98D1C00B50BE5 /* Toggle.swift */ = {isa = PBXFileReference; lastKnownFileType = sourcecode.swift; path = Toggle.swift; sourceTree = "<group>"; };
		262AED4E2BD98D3900B50BE5 /* Haptic.swift */ = {isa = PBXFileReference; lastKnownFileType = sourcecode.swift; path = Haptic.swift; sourceTree = "<group>"; };
		262AED502BDA76EE00B50BE5 /* DeveloperModel.swift */ = {isa = PBXFileReference; lastKnownFileType = sourcecode.swift; path = DeveloperModel.swift; sourceTree = "<group>"; };
		262AED522BDA795900B50BE5 /* EditDevView.swift */ = {isa = PBXFileReference; lastKnownFileType = sourcecode.swift; path = EditDevView.swift; sourceTree = "<group>"; };
/* End PBXFileReference section */

/* Begin PBXFrameworksBuildPhase section */
		262AED1C2BD8E7E000B50BE5 /* Frameworks */ = {
			isa = PBXFrameworksBuildPhase;
			buildActionMask = 2147483647;
			files = (
			);
			runOnlyForDeploymentPostprocessing = 0;
		};
/* End PBXFrameworksBuildPhase section */

/* Begin PBXGroup section */
		262AED162BD8E7E000B50BE5 = {
			isa = PBXGroup;
			children = (
				262AED212BD8E7E000B50BE5 /* Think */,
				262AED202BD8E7E000B50BE5 /* Products */,
			);
			sourceTree = "<group>";
		};
		262AED202BD8E7E000B50BE5 /* Products */ = {
			isa = PBXGroup;
			children = (
				262AED1F2BD8E7E000B50BE5 /* Think.app */,
			);
			name = Products;
			sourceTree = "<group>";
		};
		262AED212BD8E7E000B50BE5 /* Think */ = {
			isa = PBXGroup;
			children = (
				262AED312BD8E80F00B50BE5 /* App */,
				262AED332BD8E83100B50BE5 /* Models */,
				262AED382BD8E8EF00B50BE5 /* Views */,
				262AED422BD90B0800B50BE5 /* PlaceholderScreens */,
				262AED4B2BD98D0B00B50BE5 /* Features */,
				262AED322BD8E81400B50BE5 /* Root */,
				262AED262BD8E7E400B50BE5 /* Assets.xcassets */,
				262AED282BD8E7E400B50BE5 /* Think.entitlements */,
				262AED292BD8E7E500B50BE5 /* Preview Content */,
			);
			path = Think;
			sourceTree = "<group>";
		};
		262AED292BD8E7E500B50BE5 /* Preview Content */ = {
			isa = PBXGroup;
			children = (
				262AED2A2BD8E7E500B50BE5 /* Preview Assets.xcassets */,
			);
			path = "Preview Content";
			sourceTree = "<group>";
		};
		262AED312BD8E80F00B50BE5 /* App */ = {
			isa = PBXGroup;
			children = (
				262AED222BD8E7E000B50BE5 /* ThinkApp.swift */,
			);
			path = App;
			sourceTree = "<group>";
		};
		262AED322BD8E81400B50BE5 /* Root */ = {
			isa = PBXGroup;
			children = (
				262AED242BD8E7E000B50BE5 /* ContentView.swift */,
			);
			path = Root;
			sourceTree = "<group>";
		};
		262AED332BD8E83100B50BE5 /* Models */ = {
			isa = PBXGroup;
			children = (
				262AED342BD8E84A00B50BE5 /* ProjectModel.swift */,
				262AED362BD8E88100B50BE5 /* TaskModel.swift */,
				262AED502BDA76EE00B50BE5 /* DeveloperModel.swift */,
			);
			path = Models;
			sourceTree = "<group>";
		};
		262AED382BD8E8EF00B50BE5 /* Views */ = {
			isa = PBXGroup;
			children = (
				262AED392BD8E90600B50BE5 /* HomeView.swift */,
				262AED3B2BD8EA2700B50BE5 /* ProjectView.swift */,
				262AED3D2BD8EBDE00B50BE5 /* EditProjectView.swift */,
				262AED452BD9874D00B50BE5 /* TeamsView.swift */,
				262AED522BDA795900B50BE5 /* EditDevView.swift */,
				262AED492BD9887500B50BE5 /* SettingsView.swift */,
			);
			path = Views;
			sourceTree = "<group>";
		};
		262AED422BD90B0800B50BE5 /* PlaceholderScreens */ = {
			isa = PBXGroup;
			children = (
				262AED432BD90B2600B50BE5 /* EmptyListView.swift */,
				262AED472BD9876600B50BE5 /* EmptyTeamsView.swift */,
			);
			path = PlaceholderScreens;
			sourceTree = "<group>";
		};
		262AED4B2BD98D0B00B50BE5 /* Features */ = {
			isa = PBXGroup;
			children = (
				262AED4C2BD98D1C00B50BE5 /* Toggle.swift */,
				262AED4E2BD98D3900B50BE5 /* Haptic.swift */,
			);
			path = Features;
			sourceTree = "<group>";
		};
/* End PBXGroup section */

/* Begin PBXNativeTarget section */
		262AED1E2BD8E7E000B50BE5 /* Think */ = {
			isa = PBXNativeTarget;
			buildConfigurationList = 262AED2E2BD8E7E500B50BE5 /* Build configuration list for PBXNativeTarget "Think" */;
			buildPhases = (
				262AED1B2BD8E7E000B50BE5 /* Sources */,
				262AED1C2BD8E7E000B50BE5 /* Frameworks */,
				262AED1D2BD8E7E000B50BE5 /* Resources */,
			);
			buildRules = (
			);
			dependencies = (
			);
			name = Think;
			productName = Think;
			productReference = 262AED1F2BD8E7E000B50BE5 /* Think.app */;
			productType = "com.apple.product-type.application";
		};
/* End PBXNativeTarget section */

/* Begin PBXProject section */
		262AED172BD8E7E000B50BE5 /* Project object */ = {
			isa = PBXProject;
			attributes = {
				BuildIndependentTargetsInParallel = 1;
				LastSwiftUpdateCheck = 1530;
				LastUpgradeCheck = 1530;
				TargetAttributes = {
					262AED1E2BD8E7E000B50BE5 = {
						CreatedOnToolsVersion = 15.3;
					};
				};
			};
			buildConfigurationList = 262AED1A2BD8E7E000B50BE5 /* Build configuration list for PBXProject "Think" */;
			compatibilityVersion = "Xcode 14.0";
			developmentRegion = en;
			hasScannedForEncodings = 0;
			knownRegions = (
				en,
				Base,
			);
			mainGroup = 262AED162BD8E7E000B50BE5;
			productRefGroup = 262AED202BD8E7E000B50BE5 /* Products */;
			projectDirPath = "";
			projectRoot = "";
			targets = (
				262AED1E2BD8E7E000B50BE5 /* Think */,
			);
		};
/* End PBXProject section */

/* Begin PBXResourcesBuildPhase section */
		262AED1D2BD8E7E000B50BE5 /* Resources */ = {
			isa = PBXResourcesBuildPhase;
			buildActionMask = 2147483647;
			files = (
				262AED2B2BD8E7E500B50BE5 /* Preview Assets.xcassets in Resources */,
				262AED272BD8E7E400B50BE5 /* Assets.xcassets in Resources */,
			);
			runOnlyForDeploymentPostprocessing = 0;
		};
/* End PBXResourcesBuildPhase section */

/* Begin PBXSourcesBuildPhase section */
		262AED1B2BD8E7E000B50BE5 /* Sources */ = {
			isa = PBXSourcesBuildPhase;
			buildActionMask = 2147483647;
			files = (
				262AED462BD9874D00B50BE5 /* TeamsView.swift in Sources */,
				262AED532BDA795900B50BE5 /* EditDevView.swift in Sources */,
				262AED3E2BD8EBDE00B50BE5 /* EditProjectView.swift in Sources */,
				262AED3C2BD8EA2700B50BE5 /* ProjectView.swift in Sources */,
				262AED252BD8E7E000B50BE5 /* ContentView.swift in Sources */,
				262AED232BD8E7E000B50BE5 /* ThinkApp.swift in Sources */,
				262AED482BD9876600B50BE5 /* EmptyTeamsView.swift in Sources */,
				262AED442BD90B2600B50BE5 /* EmptyListView.swift in Sources */,
				262AED372BD8E88100B50BE5 /* TaskModel.swift in Sources */,
				262AED512BDA76EE00B50BE5 /* DeveloperModel.swift in Sources */,
				262AED3A2BD8E90600B50BE5 /* HomeView.swift in Sources */,
				262AED4D2BD98D1C00B50BE5 /* Toggle.swift in Sources */,
				262AED352BD8E84A00B50BE5 /* ProjectModel.swift in Sources */,
				262AED4A2BD9887500B50BE5 /* SettingsView.swift in Sources */,
				262AED4F2BD98D3900B50BE5 /* Haptic.swift in Sources */,
			);
			runOnlyForDeploymentPostprocessing = 0;
		};
/* End PBXSourcesBuildPhase section */

/* Begin XCBuildConfiguration section */
		262AED2C2BD8E7E500B50BE5 /* Debug */ = {
			isa = XCBuildConfiguration;
			buildSettings = {
				ALWAYS_SEARCH_USER_PATHS = NO;
				ASSETCATALOG_COMPILER_GENERATE_SWIFT_ASSET_SYMBOL_EXTENSIONS = YES;
				CLANG_ANALYZER_NONNULL = YES;
				CLANG_ANALYZER_NUMBER_OBJECT_CONVERSION = YES_AGGRESSIVE;
				CLANG_CXX_LANGUAGE_STANDARD = "gnu++20";
				CLANG_ENABLE_MODULES = YES;
				CLANG_ENABLE_OBJC_ARC = YES;
				CLANG_ENABLE_OBJC_WEAK = YES;
				CLANG_WARN_BLOCK_CAPTURE_AUTORELEASING = YES;
				CLANG_WARN_BOOL_CONVERSION = YES;
				CLANG_WARN_COMMA = YES;
				CLANG_WARN_CONSTANT_CONVERSION = YES;
				CLANG_WARN_DEPRECATED_OBJC_IMPLEMENTATIONS = YES;
				CLANG_WARN_DIRECT_OBJC_ISA_USAGE = YES_ERROR;
				CLANG_WARN_DOCUMENTATION_COMMENTS = YES;
				CLANG_WARN_EMPTY_BODY = YES;
				CLANG_WARN_ENUM_CONVERSION = YES;
				CLANG_WARN_INFINITE_RECURSION = YES;
				CLANG_WARN_INT_CONVERSION = YES;
				CLANG_WARN_NON_LITERAL_NULL_CONVERSION = YES;
				CLANG_WARN_OBJC_IMPLICIT_RETAIN_SELF = YES;
				CLANG_WARN_OBJC_LITERAL_CONVERSION = YES;
				CLANG_WARN_OBJC_ROOT_CLASS = YES_ERROR;
				CLANG_WARN_QUOTED_INCLUDE_IN_FRAMEWORK_HEADER = YES;
				CLANG_WARN_RANGE_LOOP_ANALYSIS = YES;
				CLANG_WARN_STRICT_PROTOTYPES = YES;
				CLANG_WARN_SUSPICIOUS_MOVE = YES;
				CLANG_WARN_UNGUARDED_AVAILABILITY = YES_AGGRESSIVE;
				CLANG_WARN_UNREACHABLE_CODE = YES;
				CLANG_WARN__DUPLICATE_METHOD_MATCH = YES;
				COPY_PHASE_STRIP = NO;
				DEBUG_INFORMATION_FORMAT = dwarf;
				ENABLE_STRICT_OBJC_MSGSEND = YES;
				ENABLE_TESTABILITY = YES;
				ENABLE_USER_SCRIPT_SANDBOXING = YES;
				GCC_C_LANGUAGE_STANDARD = gnu17;
				GCC_DYNAMIC_NO_PIC = NO;
				GCC_NO_COMMON_BLOCKS = YES;
				GCC_OPTIMIZATION_LEVEL = 0;
				GCC_PREPROCESSOR_DEFINITIONS = (
					"DEBUG=1",
					"$(inherited)",
				);
				GCC_WARN_64_TO_32_BIT_CONVERSION = YES;
				GCC_WARN_ABOUT_RETURN_TYPE = YES_ERROR;
				GCC_WARN_UNDECLARED_SELECTOR = YES;
				GCC_WARN_UNINITIALIZED_AUTOS = YES_AGGRESSIVE;
				GCC_WARN_UNUSED_FUNCTION = YES;
				GCC_WARN_UNUSED_VARIABLE = YES;
				IPHONEOS_DEPLOYMENT_TARGET = 17.0;
				LOCALIZATION_PREFERS_STRING_CATALOGS = YES;
				MACOSX_DEPLOYMENT_TARGET = 14.0;
				MTL_ENABLE_DEBUG_INFO = INCLUDE_SOURCE;
				MTL_FAST_MATH = YES;
				ONLY_ACTIVE_ARCH = YES;
				SWIFT_ACTIVE_COMPILATION_CONDITIONS = "DEBUG $(inherited)";
				SWIFT_OPTIMIZATION_LEVEL = "-Onone";
			};
			name = Debug;
		};
		262AED2D2BD8E7E500B50BE5 /* Release */ = {
			isa = XCBuildConfiguration;
			buildSettings = {
				ALWAYS_SEARCH_USER_PATHS = NO;
				ASSETCATALOG_COMPILER_GENERATE_SWIFT_ASSET_SYMBOL_EXTENSIONS = YES;
				CLANG_ANALYZER_NONNULL = YES;
				CLANG_ANALYZER_NUMBER_OBJECT_CONVERSION = YES_AGGRESSIVE;
				CLANG_CXX_LANGUAGE_STANDARD = "gnu++20";
				CLANG_ENABLE_MODULES = YES;
				CLANG_ENABLE_OBJC_ARC = YES;
				CLANG_ENABLE_OBJC_WEAK = YES;
				CLANG_WARN_BLOCK_CAPTURE_AUTORELEASING = YES;
				CLANG_WARN_BOOL_CONVERSION = YES;
				CLANG_WARN_COMMA = YES;
				CLANG_WARN_CONSTANT_CONVERSION = YES;
				CLANG_WARN_DEPRECATED_OBJC_IMPLEMENTATIONS = YES;
				CLANG_WARN_DIRECT_OBJC_ISA_USAGE = YES_ERROR;
				CLANG_WARN_DOCUMENTATION_COMMENTS = YES;
				CLANG_WARN_EMPTY_BODY = YES;
				CLANG_WARN_ENUM_CONVERSION = YES;
				CLANG_WARN_INFINITE_RECURSION = YES;
				CLANG_WARN_INT_CONVERSION = YES;
				CLANG_WARN_NON_LITERAL_NULL_CONVERSION = YES;
				CLANG_WARN_OBJC_IMPLICIT_RETAIN_SELF = YES;
				CLANG_WARN_OBJC_LITERAL_CONVERSION = YES;
				CLANG_WARN_OBJC_ROOT_CLASS = YES_ERROR;
				CLANG_WARN_QUOTED_INCLUDE_IN_FRAMEWORK_HEADER = YES;
				CLANG_WARN_RANGE_LOOP_ANALYSIS = YES;
				CLANG_WARN_STRICT_PROTOTYPES = YES;
				CLANG_WARN_SUSPICIOUS_MOVE = YES;
				CLANG_WARN_UNGUARDED_AVAILABILITY = YES_AGGRESSIVE;
				CLANG_WARN_UNREACHABLE_CODE = YES;
				CLANG_WARN__DUPLICATE_METHOD_MATCH = YES;
				COPY_PHASE_STRIP = NO;
				DEBUG_INFORMATION_FORMAT = "dwarf-with-dsym";
				ENABLE_NS_ASSERTIONS = NO;
				ENABLE_STRICT_OBJC_MSGSEND = YES;
				ENABLE_USER_SCRIPT_SANDBOXING = YES;
				GCC_C_LANGUAGE_STANDARD = gnu17;
				GCC_NO_COMMON_BLOCKS = YES;
				GCC_WARN_64_TO_32_BIT_CONVERSION = YES;
				GCC_WARN_ABOUT_RETURN_TYPE = YES_ERROR;
				GCC_WARN_UNDECLARED_SELECTOR = YES;
				GCC_WARN_UNINITIALIZED_AUTOS = YES_AGGRESSIVE;
				GCC_WARN_UNUSED_FUNCTION = YES;
				GCC_WARN_UNUSED_VARIABLE = YES;
				IPHONEOS_DEPLOYMENT_TARGET = 17.0;
				LOCALIZATION_PREFERS_STRING_CATALOGS = YES;
				MACOSX_DEPLOYMENT_TARGET = 14.0;
				MTL_ENABLE_DEBUG_INFO = NO;
				MTL_FAST_MATH = YES;
				SWIFT_COMPILATION_MODE = wholemodule;
			};
			name = Release;
		};
		262AED2F2BD8E7E500B50BE5 /* Debug */ = {
			isa = XCBuildConfiguration;
			buildSettings = {
				ASSETCATALOG_COMPILER_APPICON_NAME = AppIcon;
				ASSETCATALOG_COMPILER_GLOBAL_ACCENT_COLOR_NAME = AccentColor;
				CODE_SIGN_ENTITLEMENTS = Think/Think.entitlements;
				CODE_SIGN_STYLE = Automatic;
				CURRENT_PROJECT_VERSION = 1;
				DEVELOPMENT_ASSET_PATHS = "\"Think/Preview Content\"";
				DEVELOPMENT_TEAM = MTRFQL94MM;
				ENABLE_HARDENED_RUNTIME = YES;
				ENABLE_PREVIEWS = YES;
				GENERATE_INFOPLIST_FILE = YES;
				"INFOPLIST_KEY_UIApplicationSceneManifest_Generation[sdk=iphoneos*]" = YES;
				"INFOPLIST_KEY_UIApplicationSceneManifest_Generation[sdk=iphonesimulator*]" = YES;
				"INFOPLIST_KEY_UIApplicationSupportsIndirectInputEvents[sdk=iphoneos*]" = YES;
				"INFOPLIST_KEY_UIApplicationSupportsIndirectInputEvents[sdk=iphonesimulator*]" = YES;
				"INFOPLIST_KEY_UILaunchScreen_Generation[sdk=iphoneos*]" = YES;
				"INFOPLIST_KEY_UILaunchScreen_Generation[sdk=iphonesimulator*]" = YES;
				"INFOPLIST_KEY_UIStatusBarStyle[sdk=iphoneos*]" = UIStatusBarStyleDefault;
				"INFOPLIST_KEY_UIStatusBarStyle[sdk=iphonesimulator*]" = UIStatusBarStyleDefault;
				INFOPLIST_KEY_UISupportedInterfaceOrientations_iPad = "UIInterfaceOrientationPortrait UIInterfaceOrientationPortraitUpsideDown UIInterfaceOrientationLandscapeLeft UIInterfaceOrientationLandscapeRight";
				INFOPLIST_KEY_UISupportedInterfaceOrientations_iPhone = "UIInterfaceOrientationPortrait UIInterfaceOrientationLandscapeLeft UIInterfaceOrientationLandscapeRight";
				IPHONEOS_DEPLOYMENT_TARGET = 17.4;
				LD_RUNPATH_SEARCH_PATHS = "@executable_path/Frameworks";
				"LD_RUNPATH_SEARCH_PATHS[sdk=macosx*]" = "@executable_path/../Frameworks";
				MACOSX_DEPLOYMENT_TARGET = 14.3;
				MARKETING_VERSION = 1.0;
				PRODUCT_BUNDLE_IDENTIFIER = com.aleksejShapran.Think;
				PRODUCT_NAME = "$(TARGET_NAME)";
				SDKROOT = auto;
				SUPPORTED_PLATFORMS = "iphoneos iphonesimulator macosx";
				SWIFT_EMIT_LOC_STRINGS = YES;
				SWIFT_VERSION = 5.0;
				TARGETED_DEVICE_FAMILY = "1,2";
			};
			name = Debug;
		};
		262AED302BD8E7E500B50BE5 /* Release */ = {
			isa = XCBuildConfiguration;
			buildSettings = {
				ASSETCATALOG_COMPILER_APPICON_NAME = AppIcon;
				ASSETCATALOG_COMPILER_GLOBAL_ACCENT_COLOR_NAME = AccentColor;
				CODE_SIGN_ENTITLEMENTS = Think/Think.entitlements;
				CODE_SIGN_STYLE = Automatic;
				CURRENT_PROJECT_VERSION = 1;
				DEVELOPMENT_ASSET_PATHS = "\"Think/Preview Content\"";
				DEVELOPMENT_TEAM = MTRFQL94MM;
				ENABLE_HARDENED_RUNTIME = YES;
				ENABLE_PREVIEWS = YES;
				GENERATE_INFOPLIST_FILE = YES;
				"INFOPLIST_KEY_UIApplicationSceneManifest_Generation[sdk=iphoneos*]" = YES;
				"INFOPLIST_KEY_UIApplicationSceneManifest_Generation[sdk=iphonesimulator*]" = YES;
				"INFOPLIST_KEY_UIApplicationSupportsIndirectInputEvents[sdk=iphoneos*]" = YES;
				"INFOPLIST_KEY_UIApplicationSupportsIndirectInputEvents[sdk=iphonesimulator*]" = YES;
				"INFOPLIST_KEY_UILaunchScreen_Generation[sdk=iphoneos*]" = YES;
				"INFOPLIST_KEY_UILaunchScreen_Generation[sdk=iphonesimulator*]" = YES;
				"INFOPLIST_KEY_UIStatusBarStyle[sdk=iphoneos*]" = UIStatusBarStyleDefault;
				"INFOPLIST_KEY_UIStatusBarStyle[sdk=iphonesimulator*]" = UIStatusBarStyleDefault;
				INFOPLIST_KEY_UISupportedInterfaceOrientations_iPad = "UIInterfaceOrientationPortrait UIInterfaceOrientationPortraitUpsideDown UIInterfaceOrientationLandscapeLeft UIInterfaceOrientationLandscapeRight";
				INFOPLIST_KEY_UISupportedInterfaceOrientations_iPhone = "UIInterfaceOrientationPortrait UIInterfaceOrientationLandscapeLeft UIInterfaceOrientationLandscapeRight";
				IPHONEOS_DEPLOYMENT_TARGET = 17.4;
				LD_RUNPATH_SEARCH_PATHS = "@executable_path/Frameworks";
				"LD_RUNPATH_SEARCH_PATHS[sdk=macosx*]" = "@executable_path/../Frameworks";
				MACOSX_DEPLOYMENT_TARGET = 14.3;
				MARKETING_VERSION = 1.0;
				PRODUCT_BUNDLE_IDENTIFIER = com.aleksejShapran.Think;
				PRODUCT_NAME = "$(TARGET_NAME)";
				SDKROOT = auto;
				SUPPORTED_PLATFORMS = "iphoneos iphonesimulator macosx";
				SWIFT_EMIT_LOC_STRINGS = YES;
				SWIFT_VERSION = 5.0;
				TARGETED_DEVICE_FAMILY = "1,2";
			};
			name = Release;
		};
/* End XCBuildConfiguration section */

/* Begin XCConfigurationList section */
		262AED1A2BD8E7E000B50BE5 /* Build configuration list for PBXProject "Think" */ = {
			isa = XCConfigurationList;
			buildConfigurations = (
				262AED2C2BD8E7E500B50BE5 /* Debug */,
				262AED2D2BD8E7E500B50BE5 /* Release */,
			);
			defaultConfigurationIsVisible = 0;
			defaultConfigurationName = Release;
		};
		262AED2E2BD8E7E500B50BE5 /* Build configuration list for PBXNativeTarget "Think" */ = {
			isa = XCConfigurationList;
			buildConfigurations = (
				262AED2F2BD8E7E500B50BE5 /* Debug */,
				262AED302BD8E7E500B50BE5 /* Release */,
			);
			defaultConfigurationIsVisible = 0;
			defaultConfigurationName = Release;
		};
/* End XCConfigurationList section */
	};
	rootObject = 262AED172BD8E7E000B50BE5 /* Project object */;
}
